
Microsoft Visual Studio Solution File, Format Version 12.00
# Visual Studio Version 17
VisualStudioVersion = 17.6.33829.357
MinimumVisualStudioVersion = 10.0.40219.1
Project("{8BC9CEB8-8B4A-11D0-8D11-00A0C91BC942}") = "abstract_class", "abstract_class\abstract_class.vcxproj", "{7DFD73B7-D8E5-4E2B-BF10-18E349260513}"
EndProject
Global
	GlobalSection(SolutionConfigurationPlatforms) = preSolution
		Debug|x64 = Debug|x64
		Debug|x86 = Debug|x86
		Release|x64 = Release|x64
		Release|x86 = Release|x86
	EndGlobalSection
	GlobalSection(ProjectConfigurationPlatforms) = postSolution
		{7DFD73B7-D8E5-4E2B-BF10-18E349260513}.Debug|x64.ActiveCfg = Debug|x64
		{7DFD73B7-D8E5-4E2B-BF10-18E349260513}.Debug|x64.Build.0 = Debug|x64
		{7DFD73B7-D8E5-4E2B-BF10-18E349260513}.Debug|x86.ActiveCfg = Debug|Win32
		{7DFD73B7-D8E5-4E2B-BF10-18E349260513}.Debug|x86.Build.0 = Debug|Win32
		{7DFD73B7-D8E5-4E2B-BF10-18E349260513}.Release|x64.ActiveCfg = Release|x64
		{7DFD73B7-D8E5-4E2B-BF10-18E349260513}.Release|x64.Build.0 = Release|x64
		{7DFD73B7-D8E5-4E2B-BF10-18E349260513}.Release|x86.ActiveCfg = Release|Win32
		{7DFD73B7-D8E5-4E2B-BF10-18E349260513}.Release|x86.Build.0 = Release|Win32
	EndGlobalSection
	GlobalSection(SolutionProperties) = preSolution
		HideSolutionNode = FALSE
	EndGlobalSection
	GlobalSection(ExtensibilityGlobals) = postSolution
		SolutionGuid = {E7D19F57-F00F-4E8A-AA9B-76CCEE583DEB}
	EndGlobalSection
EndGlobal
